
Microsoft Visual Studio Solution File, Format Version 12.00
# Visual Studio Version 16
VisualStudioVersion = 16.0.30406.217
MinimumVisualStudioVersion = 10.0.40219.1
Project("{9A19103F-16F7-4668-BE54-9A1E7A4F7556}") = "Yucca", "Yucca\Yucca.csproj", "{BB300EE4-BB57-468D-926C-24F948F5594B}"
EndProject
Project("{9A19103F-16F7-4668-BE54-9A1E7A4F7556}") = "YuccaTests", "YuccaTests\YuccaTests.csproj", "{8DF2D39F-68BA-4D9D-8206-C6A1FACDCBF5}"
EndProject
Project("{9A19103F-16F7-4668-BE54-9A1E7A4F7556}") = "Yucca.Inventory", "Yucca.Inventory\Yucca.Inventory.csproj", "{A6D60EDA-A953-4007-B728-5C359EC70271}"
EndProject
Project("{FAE04EC0-301F-11D3-BF4B-00C04F79EFBC}") = "Yucca.Volatile", "Yucca.Volatile\Yucca.Volatile.csproj", "{F2DDE592-6838-41F1-8792-EEAB14B8D386}"
EndProject
Project("{FAE04EC0-301F-11D3-BF4B-00C04F79EFBC}") = "Yucca.WebAPI", "Yucca.WebAPI\Yucca.WebAPI.csproj", "{49888DAA-3D7D-4514-99FE-5175A657456B}"
EndProject
Project("{FAE04EC0-301F-11D3-BF4B-00C04F79EFBC}") = "Yucca.Web", "Yucca.Web\Yucca.Web.csproj", "{683F17F4-77EC-473C-871B-EAC2CE0A7DEB}"
EndProject
Global
	GlobalSection(SolutionConfigurationPlatforms) = preSolution
		Debug|Any CPU = Debug|Any CPU
		Debug|x64 = Debug|x64
		Debug|x86 = Debug|x86
		Release|Any CPU = Release|Any CPU
		Release|x64 = Release|x64
		Release|x86 = Release|x86
	EndGlobalSection
	GlobalSection(ProjectConfigurationPlatforms) = postSolution
		{BB300EE4-BB57-468D-926C-24F948F5594B}.Debug|Any CPU.ActiveCfg = Debug|Any CPU
		{BB300EE4-BB57-468D-926C-24F948F5594B}.Debug|Any CPU.Build.0 = Debug|Any CPU
		{BB300EE4-BB57-468D-926C-24F948F5594B}.Debug|x64.ActiveCfg = Debug|Any CPU
		{BB300EE4-BB57-468D-926C-24F948F5594B}.Debug|x64.Build.0 = Debug|Any CPU
		{BB300EE4-BB57-468D-926C-24F948F5594B}.Debug|x86.ActiveCfg = Debug|Any CPU
		{BB300EE4-BB57-468D-926C-24F948F5594B}.Debug|x86.Build.0 = Debug|Any CPU
		{BB300EE4-BB57-468D-926C-24F948F5594B}.Release|Any CPU.ActiveCfg = Release|Any CPU
		{BB300EE4-BB57-468D-926C-24F948F5594B}.Release|Any CPU.Build.0 = Release|Any CPU
		{BB300EE4-BB57-468D-926C-24F948F5594B}.Release|x64.ActiveCfg = Release|Any CPU
		{BB300EE4-BB57-468D-926C-24F948F5594B}.Release|x64.Build.0 = Release|Any CPU
		{BB300EE4-BB57-468D-926C-24F948F5594B}.Release|x86.ActiveCfg = Release|Any CPU
		{BB300EE4-BB57-468D-926C-24F948F5594B}.Release|x86.Build.0 = Release|Any CPU
		{8DF2D39F-68BA-4D9D-8206-C6A1FACDCBF5}.Debug|Any CPU.ActiveCfg = Debug|Any CPU
		{8DF2D39F-68BA-4D9D-8206-C6A1FACDCBF5}.Debug|Any CPU.Build.0 = Debug|Any CPU
		{8DF2D39F-68BA-4D9D-8206-C6A1FACDCBF5}.Debug|x64.ActiveCfg = Debug|Any CPU
		{8DF2D39F-68BA-4D9D-8206-C6A1FACDCBF5}.Debug|x64.Build.0 = Debug|Any CPU
		{8DF2D39F-68BA-4D9D-8206-C6A1FACDCBF5}.Debug|x86.ActiveCfg = Debug|Any CPU
		{8DF2D39F-68BA-4D9D-8206-C6A1FACDCBF5}.Debug|x86.Build.0 = Debug|Any CPU
		{8DF2D39F-68BA-4D9D-8206-C6A1FACDCBF5}.Release|Any CPU.ActiveCfg = Release|Any CPU
		{8DF2D39F-68BA-4D9D-8206-C6A1FACDCBF5}.Release|Any CPU.Build.0 = Release|Any CPU
		{8DF2D39F-68BA-4D9D-8206-C6A1FACDCBF5}.Release|x64.ActiveCfg = Release|Any CPU
		{8DF2D39F-68BA-4D9D-8206-C6A1FACDCBF5}.Release|x64.Build.0 = Release|Any CPU
		{8DF2D39F-68BA-4D9D-8206-C6A1FACDCBF5}.Release|x86.ActiveCfg = Release|Any CPU
		{8DF2D39F-68BA-4D9D-8206-C6A1FACDCBF5}.Release|x86.Build.0 = Release|Any CPU
		{A6D60EDA-A953-4007-B728-5C359EC70271}.Debug|Any CPU.ActiveCfg = Debug|Any CPU
		{A6D60EDA-A953-4007-B728-5C359EC70271}.Debug|Any CPU.Build.0 = Debug|Any CPU
		{A6D60EDA-A953-4007-B728-5C359EC70271}.Debug|x64.ActiveCfg = Debug|Any CPU
		{A6D60EDA-A953-4007-B728-5C359EC70271}.Debug|x64.Build.0 = Debug|Any CPU
		{A6D60EDA-A953-4007-B728-5C359EC70271}.Debug|x86.ActiveCfg = Debug|Any CPU
		{A6D60EDA-A953-4007-B728-5C359EC70271}.Debug|x86.Build.0 = Debug|Any CPU
		{A6D60EDA-A953-4007-B728-5C359EC70271}.Release|Any CPU.ActiveCfg = Release|Any CPU
		{A6D60EDA-A953-4007-B728-5C359EC70271}.Release|Any CPU.Build.0 = Release|Any CPU
		{A6D60EDA-A953-4007-B728-5C359EC70271}.Release|x64.ActiveCfg = Release|Any CPU
		{A6D60EDA-A953-4007-B728-5C359EC70271}.Release|x64.Build.0 = Release|Any CPU
		{A6D60EDA-A953-4007-B728-5C359EC70271}.Release|x86.ActiveCfg = Release|Any CPU
		{A6D60EDA-A953-4007-B728-5C359EC70271}.Release|x86.Build.0 = Release|Any CPU
		{F2DDE592-6838-41F1-8792-EEAB14B8D386}.Debug|Any CPU.ActiveCfg = Debug|Any CPU
		{F2DDE592-6838-41F1-8792-EEAB14B8D386}.Debug|Any CPU.Build.0 = Debug|Any CPU
		{F2DDE592-6838-41F1-8792-EEAB14B8D386}.Debug|x64.ActiveCfg = Debug|Any CPU
		{F2DDE592-6838-41F1-8792-EEAB14B8D386}.Debug|x64.Build.0 = Debug|Any CPU
		{F2DDE592-6838-41F1-8792-EEAB14B8D386}.Debug|x86.ActiveCfg = Debug|Any CPU
		{F2DDE592-6838-41F1-8792-EEAB14B8D386}.Debug|x86.Build.0 = Debug|Any CPU
		{F2DDE592-6838-41F1-8792-EEAB14B8D386}.Release|Any CPU.ActiveCfg = Release|Any CPU
		{F2DDE592-6838-41F1-8792-EEAB14B8D386}.Release|Any CPU.Build.0 = Release|Any CPU
		{F2DDE592-6838-41F1-8792-EEAB14B8D386}.Release|x64.ActiveCfg = Release|Any CPU
		{F2DDE592-6838-41F1-8792-EEAB14B8D386}.Release|x64.Build.0 = Release|Any CPU
		{F2DDE592-6838-41F1-8792-EEAB14B8D386}.Release|x86.ActiveCfg = Release|Any CPU
		{F2DDE592-6838-41F1-8792-EEAB14B8D386}.Release|x86.Build.0 = Release|Any CPU
		{49888DAA-3D7D-4514-99FE-5175A657456B}.Debug|Any CPU.ActiveCfg = Debug|Any CPU
		{49888DAA-3D7D-4514-99FE-5175A657456B}.Debug|Any CPU.Build.0 = Debug|Any CPU
		{49888DAA-3D7D-4514-99FE-5175A657456B}.Debug|x64.ActiveCfg = Debug|Any CPU
		{49888DAA-3D7D-4514-99FE-5175A657456B}.Debug|x64.Build.0 = Debug|Any CPU
		{49888DAA-3D7D-4514-99FE-5175A657456B}.Debug|x86.ActiveCfg = Debug|Any CPU
		{49888DAA-3D7D-4514-99FE-5175A657456B}.Debug|x86.Build.0 = Debug|Any CPU
		{49888DAA-3D7D-4514-99FE-5175A657456B}.Release|Any CPU.ActiveCfg = Release|Any CPU
		{49888DAA-3D7D-4514-99FE-5175A657456B}.Release|Any CPU.Build.0 = Release|Any CPU
		{49888DAA-3D7D-4514-99FE-5175A657456B}.Release|x64.ActiveCfg = Release|Any CPU
		{49888DAA-3D7D-4514-99FE-5175A657456B}.Release|x64.Build.0 = Release|Any CPU
		{49888DAA-3D7D-4514-99FE-5175A657456B}.Release|x86.ActiveCfg = Release|Any CPU
		{49888DAA-3D7D-4514-99FE-5175A657456B}.Release|x86.Build.0 = Release|Any CPU
		{683F17F4-77EC-473C-871B-EAC2CE0A7DEB}.Debug|Any CPU.ActiveCfg = Debug|Any CPU
		{683F17F4-77EC-473C-871B-EAC2CE0A7DEB}.Debug|Any CPU.Build.0 = Debug|Any CPU
		{683F17F4-77EC-473C-871B-EAC2CE0A7DEB}.Debug|x64.ActiveCfg = Debug|Any CPU
		{683F17F4-77EC-473C-871B-EAC2CE0A7DEB}.Debug|x64.Build.0 = Debug|Any CPU
		{683F17F4-77EC-473C-871B-EAC2CE0A7DEB}.Debug|x86.ActiveCfg = Debug|Any CPU
		{683F17F4-77EC-473C-871B-EAC2CE0A7DEB}.Debug|x86.Build.0 = Debug|Any CPU
		{683F17F4-77EC-473C-871B-EAC2CE0A7DEB}.Release|Any CPU.ActiveCfg = Release|Any CPU
		{683F17F4-77EC-473C-871B-EAC2CE0A7DEB}.Release|Any CPU.Build.0 = Release|Any CPU
		{683F17F4-77EC-473C-871B-EAC2CE0A7DEB}.Release|x64.ActiveCfg = Release|Any CPU
		{683F17F4-77EC-473C-871B-EAC2CE0A7DEB}.Release|x64.Build.0 = Release|Any CPU
		{683F17F4-77EC-473C-871B-EAC2CE0A7DEB}.Release|x86.ActiveCfg = Release|Any CPU
		{683F17F4-77EC-473C-871B-EAC2CE0A7DEB}.Release|x86.Build.0 = Release|Any CPU
	EndGlobalSection
	GlobalSection(SolutionProperties) = preSolution
		HideSolutionNode = FALSE
	EndGlobalSection
	GlobalSection(ExtensibilityGlobals) = postSolution
		SolutionGuid = {73A51AE9-62D0-4211-8447-CE398C7CB466}
	EndGlobalSection
EndGlobal
